{
  "name": "tooja-ci-reports",
  "lockfileVersion": 3,
  "requires": true,
  "packages": {
    "": {
      "name": "tooja-ci-reports",
      "devDependencies": {
        "allure-commandline": "2.46.1"
      }
    },
    "node_modules/allure-commandline": {
      "version": "2.46.1",
      "resolved": "https://registry.npmjs.org/allure-commandline/-/allure-commandline-2.46.1.tgz",
      "integrity": "sha512-4HTxbXR9D2+cJV9z4MO/IUa7sfYiLLXBP3/4MWSqC63ey55wBMvXAk83yZYwJ2t+jKU1Z7QW6LgCUx0BhPy9EQ==",
      "dev": true,
      "license": "Apache-2.0",
      "bin": {
        "allure": "bin/allure"
      }
    }
  }
}
